
Microsoft Visual Studio Solution File, Format Version 12.00
# Visual Studio 15
VisualStudioVersion = 15.0.28307.421
MinimumVisualStudioVersion = 10.0.40219.1
Project("{2150E333-8FDC-42A3-9474-1A3956D46DE8}") = "src", "src", "{30891B52-A8E1-4EBE-9C84-CB365FE80F3A}"
EndProject
Project("{2150E333-8FDC-42A3-9474-1A3956D46DE8}") = "tests", "tests", "{29AA2308-7BDF-4F41-BA64-5CD9D62F6E84}"
EndProject
Project("{2150E333-8FDC-42A3-9474-1A3956D46DE8}") = "Core", "Core", "{04CA4D72-C5ED-4AD0-9718-DFCFD1DF0402}"
EndProject
Project("{2150E333-8FDC-42A3-9474-1A3956D46DE8}") = "Common", "Common", "{165AB7FF-1C5F-4AF0-9766-C2C3AC8385D9}"
EndProject
Project("{2150E333-8FDC-42A3-9474-1A3956D46DE8}") = "Infrastructure", "Infrastructure", "{EA5A7C89-81F6-4D5B-BCB4-C640D3F757CD}"
EndProject
Project("{9A19103F-16F7-4668-BE54-9A1E7A4F7556}") = "DataStreamPro.Producer.Spotify.Common", "src\Microservices\Producers\Spotify\DataStreamPro.Producer.Spotify.Common\DataStreamPro.Producer.Spotify.Common.csproj", "{8C1F15B3-8C1B-4576-9FC8-41D0D31E3D4E}"
EndProject
Project("{9A19103F-16F7-4668-BE54-9A1E7A4F7556}") = "DataStreamPro.Producer.Spotify.Domain", "src\Microservices\Producers\Spotify\DataStreamPro.Producer.Spotify.Domain\DataStreamPro.Producer.Spotify.Domain.csproj", "{27DD8A38-4113-4185-99E7-7AF73AB1C259}"
EndProject
Project("{9A19103F-16F7-4668-BE54-9A1E7A4F7556}") = "DataStreamPro.Producer.Spotify.Infrastructure.Data", "src\Microservices\Producers\Spotify\DataStreamPro.Producer.Spotify.Infrastructure.Data\DataStreamPro.Producer.Spotify.Infrastructure.Data.csproj", "{262564B9-31DA-41E8-A4A2-13AFED3306A0}"
EndProject
Project("{9A19103F-16F7-4668-BE54-9A1E7A4F7556}") = "DataStreamPro.Producer.Spotify.Infrastructure", "src\Microservices\Producers\Spotify\DataStreamPro.Producer.Spotify.Infrastructure\DataStreamPro.Producer.Spotify.Infrastructure.csproj", "{E7D44761-0F7B-40C9-972B-205E38658093}"
EndProject
Project("{2150E333-8FDC-42A3-9474-1A3956D46DE8}") = "Producers", "Producers", "{B0A15D32-2024-4C45-A510-4871DE0D08E1}"
EndProject
Project("{2150E333-8FDC-42A3-9474-1A3956D46DE8}") = "Consumers", "Consumers", "{9789135B-7546-414A-B667-0C7A30127E3A}"
EndProject
Project("{2150E333-8FDC-42A3-9474-1A3956D46DE8}") = "Spotify", "Spotify", "{58E652CA-F509-4B4F-BF90-1A092E0F651E}"
EndProject
Project("{9A19103F-16F7-4668-BE54-9A1E7A4F7556}") = "DataStreamPro.Producer.Spotify.Application", "src\Microservices\Producers\Spotify\DataStreamPro.Producer.Spotify.Application\DataStreamPro.Producer.Spotify.Application.csproj", "{D32FE385-14B6-4858-8DA2-DA8A0DFA1790}"
EndProject
Project("{2150E333-8FDC-42A3-9474-1A3956D46DE8}") = "docs", "docs", "{FD9F0122-B8B6-4D95-BAFF-BFB865D42391}"
EndProject
Project("{9A19103F-16F7-4668-BE54-9A1E7A4F7556}") = "DataStreamPro.Producer.Spotify.Host", "src\Microservices\Producers\Spotify\DataStreamPro.Producer.Spotify.Host\DataStreamPro.Producer.Spotify.Host.csproj", "{B1659878-254A-438C-B1CC-CCC9777F9E77}"
EndProject
Project("{9A19103F-16F7-4668-BE54-9A1E7A4F7556}") = "DataStreamPro.Producer.Spotify.WebApi", "src\Microservices\Producers\Spotify\DataStreamPro.Producer.Spotify.WebApi\DataStreamPro.Producer.Spotify.WebApi.csproj", "{48E56BDA-B45D-46E6-A70E-CBB6822AE18C}"
EndProject
Project("{2150E333-8FDC-42A3-9474-1A3956D46DE8}") = "Service", "Service", "{32506D0F-ED0B-4F42-8232-6827751FED85}"
EndProject
Project("{2150E333-8FDC-42A3-9474-1A3956D46DE8}") = "Core", "Core", "{90019B52-9861-4B50-8CCC-906B847814F5}"
EndProject
Project("{2150E333-8FDC-42A3-9474-1A3956D46DE8}") = "Infrastructure", "Infrastructure", "{42C60681-8C10-4D60-A49D-1084C1B5D1B9}"
EndProject
Project("{2150E333-8FDC-42A3-9474-1A3956D46DE8}") = "Gateway", "Gateway", "{B708FB33-3A16-49CA-9D5B-54C1ED43E747}"
EndProject
Project("{2150E333-8FDC-42A3-9474-1A3956D46DE8}") = "Common", "Common", "{6D70063A-14EA-4D0C-B235-08F261383D9E}"
EndProject
Project("{9A19103F-16F7-4668-BE54-9A1E7A4F7556}") = "DataStreamPro.Common.Utils", "src\Common\DataStreamPro.Utils\DataStreamPro.Common.Utils.csproj", "{C79C178E-AB20-4AB3-AFAC-EADDBF31697F}"
EndProject
Project("{2150E333-8FDC-42A3-9474-1A3956D46DE8}") = "Presentation", "Presentation", "{5C28C124-EB78-42CD-B53B-30600699EA91}"
EndProject
Project("{FAE04EC0-301F-11D3-BF4B-00C04F79EFBC}") = "DataStreamPro.Web", "src\DataStreamPro.Web\DataStreamPro.Web.csproj", "{7B23D66E-F984-4296-A183-29D287252049}"
EndProject
Global
	GlobalSection(SolutionConfigurationPlatforms) = preSolution
		Debug|Any CPU = Debug|Any CPU
		Release|Any CPU = Release|Any CPU
	EndGlobalSection
	GlobalSection(ProjectConfigurationPlatforms) = postSolution
		{8C1F15B3-8C1B-4576-9FC8-41D0D31E3D4E}.Debug|Any CPU.ActiveCfg = Debug|Any CPU
		{8C1F15B3-8C1B-4576-9FC8-41D0D31E3D4E}.Debug|Any CPU.Build.0 = Debug|Any CPU
		{8C1F15B3-8C1B-4576-9FC8-41D0D31E3D4E}.Release|Any CPU.ActiveCfg = Release|Any CPU
		{8C1F15B3-8C1B-4576-9FC8-41D0D31E3D4E}.Release|Any CPU.Build.0 = Release|Any CPU
		{27DD8A38-4113-4185-99E7-7AF73AB1C259}.Debug|Any CPU.ActiveCfg = Debug|Any CPU
		{27DD8A38-4113-4185-99E7-7AF73AB1C259}.Debug|Any CPU.Build.0 = Debug|Any CPU
		{27DD8A38-4113-4185-99E7-7AF73AB1C259}.Release|Any CPU.ActiveCfg = Release|Any CPU
		{27DD8A38-4113-4185-99E7-7AF73AB1C259}.Release|Any CPU.Build.0 = Release|Any CPU
		{262564B9-31DA-41E8-A4A2-13AFED3306A0}.Debug|Any CPU.ActiveCfg = Debug|Any CPU
		{262564B9-31DA-41E8-A4A2-13AFED3306A0}.Debug|Any CPU.Build.0 = Debug|Any CPU
		{262564B9-31DA-41E8-A4A2-13AFED3306A0}.Release|Any CPU.ActiveCfg = Release|Any CPU
		{262564B9-31DA-41E8-A4A2-13AFED3306A0}.Release|Any CPU.Build.0 = Release|Any CPU
		{E7D44761-0F7B-40C9-972B-205E38658093}.Debug|Any CPU.ActiveCfg = Debug|Any CPU
		{E7D44761-0F7B-40C9-972B-205E38658093}.Debug|Any CPU.Build.0 = Debug|Any CPU
		{E7D44761-0F7B-40C9-972B-205E38658093}.Release|Any CPU.ActiveCfg = Release|Any CPU
		{E7D44761-0F7B-40C9-972B-205E38658093}.Release|Any CPU.Build.0 = Release|Any CPU
		{D32FE385-14B6-4858-8DA2-DA8A0DFA1790}.Debug|Any CPU.ActiveCfg = Debug|Any CPU
		{D32FE385-14B6-4858-8DA2-DA8A0DFA1790}.Debug|Any CPU.Build.0 = Debug|Any CPU
		{D32FE385-14B6-4858-8DA2-DA8A0DFA1790}.Release|Any CPU.ActiveCfg = Release|Any CPU
		{D32FE385-14B6-4858-8DA2-DA8A0DFA1790}.Release|Any CPU.Build.0 = Release|Any CPU
		{B1659878-254A-438C-B1CC-CCC9777F9E77}.Debug|Any CPU.ActiveCfg = Debug|Any CPU
		{B1659878-254A-438C-B1CC-CCC9777F9E77}.Debug|Any CPU.Build.0 = Debug|Any CPU
		{B1659878-254A-438C-B1CC-CCC9777F9E77}.Release|Any CPU.ActiveCfg = Release|Any CPU
		{B1659878-254A-438C-B1CC-CCC9777F9E77}.Release|Any CPU.Build.0 = Release|Any CPU
		{48E56BDA-B45D-46E6-A70E-CBB6822AE18C}.Debug|Any CPU.ActiveCfg = Debug|Any CPU
		{48E56BDA-B45D-46E6-A70E-CBB6822AE18C}.Debug|Any CPU.Build.0 = Debug|Any CPU
		{48E56BDA-B45D-46E6-A70E-CBB6822AE18C}.Release|Any CPU.ActiveCfg = Release|Any CPU
		{48E56BDA-B45D-46E6-A70E-CBB6822AE18C}.Release|Any CPU.Build.0 = Release|Any CPU
		{C79C178E-AB20-4AB3-AFAC-EADDBF31697F}.Debug|Any CPU.ActiveCfg = Debug|Any CPU
		{C79C178E-AB20-4AB3-AFAC-EADDBF31697F}.Debug|Any CPU.Build.0 = Debug|Any CPU
		{C79C178E-AB20-4AB3-AFAC-EADDBF31697F}.Release|Any CPU.ActiveCfg = Release|Any CPU
		{C79C178E-AB20-4AB3-AFAC-EADDBF31697F}.Release|Any CPU.Build.0 = Release|Any CPU
		{7B23D66E-F984-4296-A183-29D287252049}.Debug|Any CPU.ActiveCfg = Debug|Any CPU
		{7B23D66E-F984-4296-A183-29D287252049}.Debug|Any CPU.Build.0 = Debug|Any CPU
		{7B23D66E-F984-4296-A183-29D287252049}.Release|Any CPU.ActiveCfg = Release|Any CPU
		{7B23D66E-F984-4296-A183-29D287252049}.Release|Any CPU.Build.0 = Release|Any CPU
	EndGlobalSection
	GlobalSection(SolutionProperties) = preSolution
		HideSolutionNode = FALSE
	EndGlobalSection
	GlobalSection(NestedProjects) = preSolution
		{04CA4D72-C5ED-4AD0-9718-DFCFD1DF0402} = {58E652CA-F509-4B4F-BF90-1A092E0F651E}
		{165AB7FF-1C5F-4AF0-9766-C2C3AC8385D9} = {58E652CA-F509-4B4F-BF90-1A092E0F651E}
		{EA5A7C89-81F6-4D5B-BCB4-C640D3F757CD} = {58E652CA-F509-4B4F-BF90-1A092E0F651E}
		{8C1F15B3-8C1B-4576-9FC8-41D0D31E3D4E} = {04CA4D72-C5ED-4AD0-9718-DFCFD1DF0402}
		{27DD8A38-4113-4185-99E7-7AF73AB1C259} = {04CA4D72-C5ED-4AD0-9718-DFCFD1DF0402}
		{262564B9-31DA-41E8-A4A2-13AFED3306A0} = {EA5A7C89-81F6-4D5B-BCB4-C640D3F757CD}
		{E7D44761-0F7B-40C9-972B-205E38658093} = {EA5A7C89-81F6-4D5B-BCB4-C640D3F757CD}
		{B0A15D32-2024-4C45-A510-4871DE0D08E1} = {32506D0F-ED0B-4F42-8232-6827751FED85}
		{9789135B-7546-414A-B667-0C7A30127E3A} = {32506D0F-ED0B-4F42-8232-6827751FED85}
		{58E652CA-F509-4B4F-BF90-1A092E0F651E} = {B0A15D32-2024-4C45-A510-4871DE0D08E1}
		{D32FE385-14B6-4858-8DA2-DA8A0DFA1790} = {04CA4D72-C5ED-4AD0-9718-DFCFD1DF0402}
		{B1659878-254A-438C-B1CC-CCC9777F9E77} = {EA5A7C89-81F6-4D5B-BCB4-C640D3F757CD}
		{48E56BDA-B45D-46E6-A70E-CBB6822AE18C} = {EA5A7C89-81F6-4D5B-BCB4-C640D3F757CD}
		{32506D0F-ED0B-4F42-8232-6827751FED85} = {30891B52-A8E1-4EBE-9C84-CB365FE80F3A}
		{90019B52-9861-4B50-8CCC-906B847814F5} = {30891B52-A8E1-4EBE-9C84-CB365FE80F3A}
		{42C60681-8C10-4D60-A49D-1084C1B5D1B9} = {30891B52-A8E1-4EBE-9C84-CB365FE80F3A}
		{B708FB33-3A16-49CA-9D5B-54C1ED43E747} = {30891B52-A8E1-4EBE-9C84-CB365FE80F3A}
		{6D70063A-14EA-4D0C-B235-08F261383D9E} = {30891B52-A8E1-4EBE-9C84-CB365FE80F3A}
		{C79C178E-AB20-4AB3-AFAC-EADDBF31697F} = {6D70063A-14EA-4D0C-B235-08F261383D9E}
		{5C28C124-EB78-42CD-B53B-30600699EA91} = {30891B52-A8E1-4EBE-9C84-CB365FE80F3A}
		{7B23D66E-F984-4296-A183-29D287252049} = {5C28C124-EB78-42CD-B53B-30600699EA91}
	EndGlobalSection
	GlobalSection(ExtensibilityGlobals) = postSolution
		SolutionGuid = {301E98B2-735E-482E-AB8A-6F3F8D317158}
	EndGlobalSection
EndGlobal
